
Microsoft Visual Studio Solution File, Format Version 12.00
# Visual Studio Version 16
VisualStudioVersion = 16.0.31321.278
MinimumVisualStudioVersion = 10.0.40219.1
Project("{FAE04EC0-301F-11D3-BF4B-00C04F79EFBC}") = "Aula06_LP3", "Aula06_LP3\Aula06_LP3.csproj", "{BB40562E-9A4E-46E8-8417-F977C1020F9C}"
EndProject
Global
	GlobalSection(SolutionConfigurationPlatforms) = preSolution
		Debug|Any CPU = Debug|Any CPU
		Release|Any CPU = Release|Any CPU
	EndGlobalSection
	GlobalSection(ProjectConfigurationPlatforms) = postSolution
		{BB40562E-9A4E-46E8-8417-F977C1020F9C}.Debug|Any CPU.ActiveCfg = Debug|Any CPU
		{BB40562E-9A4E-46E8-8417-F977C1020F9C}.Debug|Any CPU.Build.0 = Debug|Any CPU
		{BB40562E-9A4E-46E8-8417-F977C1020F9C}.Release|Any CPU.ActiveCfg = Release|Any CPU
		{BB40562E-9A4E-46E8-8417-F977C1020F9C}.Release|Any CPU.Build.0 = Release|Any CPU
	EndGlobalSection
	GlobalSection(SolutionProperties) = preSolution
		HideSolutionNode = FALSE
	EndGlobalSection
	GlobalSection(ExtensibilityGlobals) = postSolution
		SolutionGuid = {D81F4769-F72D-429A-BC58-051663C39D0E}
	EndGlobalSection
EndGlobal
