
Microsoft Visual Studio Solution File, Format Version 12.00
# Visual Studio Version 16
VisualStudioVersion = 16.0.31321.278
MinimumVisualStudioVersion = 10.0.40219.1
Project("{FAE04EC0-301F-11D3-BF4B-00C04F79EFBC}") = "Exercicio02", "Exercicio02.csproj", "{530B6F2C-6399-487C-BE67-E55F192AEA74}"
EndProject
Global
	GlobalSection(SolutionConfigurationPlatforms) = preSolution
		Debug|Any CPU = Debug|Any CPU
		Release|Any CPU = Release|Any CPU
	EndGlobalSection
	GlobalSection(ProjectConfigurationPlatforms) = postSolution
		{530B6F2C-6399-487C-BE67-E55F192AEA74}.Debug|Any CPU.ActiveCfg = Debug|Any CPU
		{530B6F2C-6399-487C-BE67-E55F192AEA74}.Debug|Any CPU.Build.0 = Debug|Any CPU
		{530B6F2C-6399-487C-BE67-E55F192AEA74}.Release|Any CPU.ActiveCfg = Release|Any CPU
		{530B6F2C-6399-487C-BE67-E55F192AEA74}.Release|Any CPU.Build.0 = Release|Any CPU
	EndGlobalSection
	GlobalSection(SolutionProperties) = preSolution
		HideSolutionNode = FALSE
	EndGlobalSection
	GlobalSection(ExtensibilityGlobals) = postSolution
		SolutionGuid = {D00DCDCB-D484-453C-A612-6D59D307D7E7}
	EndGlobalSection
EndGlobal
