
Microsoft Visual Studio Solution File, Format Version 12.00
# Visual Studio Version 16
VisualStudioVersion = 16.0.31321.278
MinimumVisualStudioVersion = 10.0.40219.1
Project("{FAE04EC0-301F-11D3-BF4B-00C04F79EFBC}") = "Exercicio01", "Exercicio01\Exercicio01.csproj", "{22C71C3A-50F0-4B93-B61D-6BF28F816316}"
EndProject
Global
	GlobalSection(SolutionConfigurationPlatforms) = preSolution
		Debug|Any CPU = Debug|Any CPU
		Release|Any CPU = Release|Any CPU
	EndGlobalSection
	GlobalSection(ProjectConfigurationPlatforms) = postSolution
		{22C71C3A-50F0-4B93-B61D-6BF28F816316}.Debug|Any CPU.ActiveCfg = Debug|Any CPU
		{22C71C3A-50F0-4B93-B61D-6BF28F816316}.Debug|Any CPU.Build.0 = Debug|Any CPU
		{22C71C3A-50F0-4B93-B61D-6BF28F816316}.Release|Any CPU.ActiveCfg = Release|Any CPU
		{22C71C3A-50F0-4B93-B61D-6BF28F816316}.Release|Any CPU.Build.0 = Release|Any CPU
	EndGlobalSection
	GlobalSection(SolutionProperties) = preSolution
		HideSolutionNode = FALSE
	EndGlobalSection
	GlobalSection(ExtensibilityGlobals) = postSolution
		SolutionGuid = {DD39F8A8-B0DF-4818-B3E2-891E01EC7188}
	EndGlobalSection
EndGlobal
