
Microsoft Visual Studio Solution File, Format Version 12.00
# Visual Studio Version 16
VisualStudioVersion = 16.0.31321.278
MinimumVisualStudioVersion = 10.0.40219.1
Project("{FAE04EC0-301F-11D3-BF4B-00C04F79EFBC}") = "Exercicio07", "Exercicio07\Exercicio07.csproj", "{001ECB9B-BA15-4724-B539-0E63625BF539}"
EndProject
Global
	GlobalSection(SolutionConfigurationPlatforms) = preSolution
		Debug|Any CPU = Debug|Any CPU
		Release|Any CPU = Release|Any CPU
	EndGlobalSection
	GlobalSection(ProjectConfigurationPlatforms) = postSolution
		{001ECB9B-BA15-4724-B539-0E63625BF539}.Debug|Any CPU.ActiveCfg = Debug|Any CPU
		{001ECB9B-BA15-4724-B539-0E63625BF539}.Debug|Any CPU.Build.0 = Debug|Any CPU
		{001ECB9B-BA15-4724-B539-0E63625BF539}.Release|Any CPU.ActiveCfg = Release|Any CPU
		{001ECB9B-BA15-4724-B539-0E63625BF539}.Release|Any CPU.Build.0 = Release|Any CPU
	EndGlobalSection
	GlobalSection(SolutionProperties) = preSolution
		HideSolutionNode = FALSE
	EndGlobalSection
	GlobalSection(ExtensibilityGlobals) = postSolution
		SolutionGuid = {594DE913-FC2D-42FF-9F5C-DDD2FE134E11}
	EndGlobalSection
EndGlobal
