
Microsoft Visual Studio Solution File, Format Version 12.00
# Visual Studio Version 16
VisualStudioVersion = 16.0.31321.278
MinimumVisualStudioVersion = 10.0.40219.1
Project("{FAE04EC0-301F-11D3-BF4B-00C04F79EFBC}") = "Aula04_LP3", "Aula04_LP3\Aula04_LP3.csproj", "{8DE8AC88-FCA3-4E6C-8F3B-13DD073D2B05}"
EndProject
Global
	GlobalSection(SolutionConfigurationPlatforms) = preSolution
		Debug|Any CPU = Debug|Any CPU
		Release|Any CPU = Release|Any CPU
	EndGlobalSection
	GlobalSection(ProjectConfigurationPlatforms) = postSolution
		{8DE8AC88-FCA3-4E6C-8F3B-13DD073D2B05}.Debug|Any CPU.ActiveCfg = Debug|Any CPU
		{8DE8AC88-FCA3-4E6C-8F3B-13DD073D2B05}.Debug|Any CPU.Build.0 = Debug|Any CPU
		{8DE8AC88-FCA3-4E6C-8F3B-13DD073D2B05}.Release|Any CPU.ActiveCfg = Release|Any CPU
		{8DE8AC88-FCA3-4E6C-8F3B-13DD073D2B05}.Release|Any CPU.Build.0 = Release|Any CPU
	EndGlobalSection
	GlobalSection(SolutionProperties) = preSolution
		HideSolutionNode = FALSE
	EndGlobalSection
	GlobalSection(ExtensibilityGlobals) = postSolution
		SolutionGuid = {BE94630F-E982-489C-895D-C2D7251F65BA}
	EndGlobalSection
EndGlobal
